
Microsoft Visual Studio Solution File, Format Version 12.00
# Visual Studio Version 16
VisualStudioVersion = 16.0.30907.101
MinimumVisualStudioVersion = 10.0.40219.1
Project("{FAE04EC0-301F-11D3-BF4B-00C04F79EFBC}") = "TecladoMagico_MiltonVindas", "TecladoMagico_MiltonVindas\TecladoMagico_MiltonVindas.csproj", "{97E16DAD-1239-4055-BBD7-F83D19381BE5}"
EndProject
Global
	GlobalSection(SolutionConfigurationPlatforms) = preSolution
		Debug|Any CPU = Debug|Any CPU
		Release|Any CPU = Release|Any CPU
	EndGlobalSection
	GlobalSection(ProjectConfigurationPlatforms) = postSolution
		{97E16DAD-1239-4055-BBD7-F83D19381BE5}.Debug|Any CPU.ActiveCfg = Debug|Any CPU
		{97E16DAD-1239-4055-BBD7-F83D19381BE5}.Debug|Any CPU.Build.0 = Debug|Any CPU
		{97E16DAD-1239-4055-BBD7-F83D19381BE5}.Release|Any CPU.ActiveCfg = Release|Any CPU
		{97E16DAD-1239-4055-BBD7-F83D19381BE5}.Release|Any CPU.Build.0 = Release|Any CPU
	EndGlobalSection
	GlobalSection(SolutionProperties) = preSolution
		HideSolutionNode = FALSE
	EndGlobalSection
	GlobalSection(ExtensibilityGlobals) = postSolution
		SolutionGuid = {81628396-5923-44AD-BEA1-7341965E28C8}
	EndGlobalSection
EndGlobal
